<?xml version="1.0" encoding="utf-8"?>
<Project ToolsVersion="4.0" xmlns="http://schemas.microsoft.com/developer/msbuild/2003">
  <ItemGroup>
    <Filter Include="Hammer">
      <UniqueIdentifier>{5F5DEBB6-4BFF-158D-34BA-29E120FB9CDD}</UniqueIdentifier>
    </Filter>
  </ItemGroup>
  <ItemGroup>
    <ClInclude Include="src\Hammer.h" />
    <ClInclude Include="src\Hammer\Application.h">
      <Filter>Hammer</Filter>
    </ClInclude>
    <ClInclude Include="src\Hammer\Core.h">
      <Filter>Hammer</Filter>
    </ClInclude>
    <ClInclude Include="src\Hammer\EntryPoint.h">
      <Filter>Hammer</Filter>
    </ClInclude>
    <ClInclude Include="src\Hammer\Log.h">
      <Filter>Hammer</Filter>
    </ClInclude>
    <ClInclude Include="src\Hammer\Events\ApplicationEvent.h" />
    <ClInclude Include="src\Hammer\Events\Event.h" />
    <ClInclude Include="src\Hammer\Events\KeyEvent.h" />
    <ClInclude Include="src\Hammer\Events\MouseEvent.h" />
    <ClInclude Include="hmpch.h" />
  </ItemGroup>
  <ItemGroup>
    <ClCompile Include="src\Hammer\Application.cpp">
      <Filter>Hammer</Filter>
    </ClCompile>
    <ClCompile Include="src\Hammer\Log.cpp">
      <Filter>Hammer</Filter>
    </ClCompile>
    <ClCompile Include="hmpch.cpp" />
  </ItemGroup>
</Project>